
Microsoft Visual Studio Solution File, Format Version 12.00
# Visual Studio Version 17
VisualStudioVersion = 17.2.32616.157
MinimumVisualStudioVersion = 10.0.40219.1
Project("{FAE04EC0-301F-11D3-BF4B-00C04F79EFBC}") = "MHotkeyCommands", "MHotkeyCommands\MHotkeyCommands.csproj", "{0A292366-625E-4E94-8A0E-E6B7192FF7C1}"
EndProject
Global
	GlobalSection(SolutionConfigurationPlatforms) = preSolution
		Debug|Any CPU = Debug|Any CPU
		Release|Any CPU = Release|Any CPU
	EndGlobalSection
	GlobalSection(ProjectConfigurationPlatforms) = postSolution
		{0A292366-625E-4E94-8A0E-E6B7192FF7C1}.Debug|Any CPU.ActiveCfg = Debug|Any CPU
		{0A292366-625E-4E94-8A0E-E6B7192FF7C1}.Debug|Any CPU.Build.0 = Debug|Any CPU
		{0A292366-625E-4E94-8A0E-E6B7192FF7C1}.Release|Any CPU.ActiveCfg = Release|Any CPU
		{0A292366-625E-4E94-8A0E-E6B7192FF7C1}.Release|Any CPU.Build.0 = Release|Any CPU
	EndGlobalSection
	GlobalSection(SolutionProperties) = preSolution
		HideSolutionNode = FALSE
	EndGlobalSection
	GlobalSection(ExtensibilityGlobals) = postSolution
		SolutionGuid = {7B08427C-D767-4423-BA1A-872BFAC3D81E}
	EndGlobalSection
EndGlobal
